
Microsoft Visual Studio Solution File, Format Version 12.00
# Visual Studio Version 17
VisualStudioVersion = 17.5.33516.290
MinimumVisualStudioVersion = 10.0.40219.1
Project("{8BC9CEB8-8B4A-11D0-8D11-00A0C91BC942}") = "hl2da", "hl2da\hl2da.vcxproj", "{DF1B927A-78CB-4C77-B65D-08CFA0501A6A}"
EndProject
Project("{8BC9CEB8-8B4A-11D0-8D11-00A0C91BC942}") = "plugin", "plugin\plugin.vcxproj", "{27F93811-F24E-470C-A70A-390018E46E26}"
	ProjectSection(ProjectDependencies) = postProject
		{DF1B927A-78CB-4C77-B65D-08CFA0501A6A} = {DF1B927A-78CB-4C77-B65D-08CFA0501A6A}
	EndProjectSection
EndProject
Project("{8BC9CEB8-8B4A-11D0-8D11-00A0C91BC942}") = "coprocessor", "coprocessor\coprocessor.vcxproj", "{2E6996EB-4BAF-468B-A647-8E4D37C0BA67}"
	ProjectSection(ProjectDependencies) = postProject
		{DF1B927A-78CB-4C77-B65D-08CFA0501A6A} = {DF1B927A-78CB-4C77-B65D-08CFA0501A6A}
	EndProjectSection
EndProject
Global
	GlobalSection(SolutionConfigurationPlatforms) = preSolution
		Debug|ARM = Debug|ARM
		Debug|ARM64 = Debug|ARM64
		Debug|x64 = Debug|x64
		Debug|x86 = Debug|x86
		Release|ARM = Release|ARM
		Release|ARM64 = Release|ARM64
		Release|x64 = Release|x64
		Release|x86 = Release|x86
	EndGlobalSection
	GlobalSection(ProjectConfigurationPlatforms) = postSolution
		{DF1B927A-78CB-4C77-B65D-08CFA0501A6A}.Debug|ARM.ActiveCfg = Debug|ARM
		{DF1B927A-78CB-4C77-B65D-08CFA0501A6A}.Debug|ARM.Build.0 = Debug|ARM
		{DF1B927A-78CB-4C77-B65D-08CFA0501A6A}.Debug|ARM.Deploy.0 = Debug|ARM
		{DF1B927A-78CB-4C77-B65D-08CFA0501A6A}.Debug|ARM64.ActiveCfg = Debug|ARM64
		{DF1B927A-78CB-4C77-B65D-08CFA0501A6A}.Debug|ARM64.Build.0 = Debug|ARM64
		{DF1B927A-78CB-4C77-B65D-08CFA0501A6A}.Debug|ARM64.Deploy.0 = Debug|ARM64
		{DF1B927A-78CB-4C77-B65D-08CFA0501A6A}.Debug|x64.ActiveCfg = Debug|x64
		{DF1B927A-78CB-4C77-B65D-08CFA0501A6A}.Debug|x64.Build.0 = Debug|x64
		{DF1B927A-78CB-4C77-B65D-08CFA0501A6A}.Debug|x64.Deploy.0 = Debug|x64
		{DF1B927A-78CB-4C77-B65D-08CFA0501A6A}.Debug|x86.ActiveCfg = Debug|Win32
		{DF1B927A-78CB-4C77-B65D-08CFA0501A6A}.Debug|x86.Build.0 = Debug|Win32
		{DF1B927A-78CB-4C77-B65D-08CFA0501A6A}.Debug|x86.Deploy.0 = Debug|Win32
		{DF1B927A-78CB-4C77-B65D-08CFA0501A6A}.Release|ARM.ActiveCfg = Release|ARM
		{DF1B927A-78CB-4C77-B65D-08CFA0501A6A}.Release|ARM.Build.0 = Release|ARM
		{DF1B927A-78CB-4C77-B65D-08CFA0501A6A}.Release|ARM.Deploy.0 = Release|ARM
		{DF1B927A-78CB-4C77-B65D-08CFA0501A6A}.Release|ARM64.ActiveCfg = Release|ARM64
		{DF1B927A-78CB-4C77-B65D-08CFA0501A6A}.Release|ARM64.Build.0 = Release|ARM64
		{DF1B927A-78CB-4C77-B65D-08CFA0501A6A}.Release|ARM64.Deploy.0 = Release|ARM64
		{DF1B927A-78CB-4C77-B65D-08CFA0501A6A}.Release|x64.ActiveCfg = Release|x64
		{DF1B927A-78CB-4C77-B65D-08CFA0501A6A}.Release|x64.Build.0 = Release|x64
		{DF1B927A-78CB-4C77-B65D-08CFA0501A6A}.Release|x64.Deploy.0 = Release|x64
		{DF1B927A-78CB-4C77-B65D-08CFA0501A6A}.Release|x86.ActiveCfg = Release|Win32
		{DF1B927A-78CB-4C77-B65D-08CFA0501A6A}.Release|x86.Build.0 = Release|Win32
		{DF1B927A-78CB-4C77-B65D-08CFA0501A6A}.Release|x86.Deploy.0 = Release|Win32
		{27F93811-F24E-470C-A70A-390018E46E26}.Debug|ARM.ActiveCfg = Debug|ARM
		{27F93811-F24E-470C-A70A-390018E46E26}.Debug|ARM.Build.0 = Debug|ARM
		{27F93811-F24E-470C-A70A-390018E46E26}.Debug|ARM64.ActiveCfg = Debug|ARM64
		{27F93811-F24E-470C-A70A-390018E46E26}.Debug|ARM64.Build.0 = Debug|ARM64
		{27F93811-F24E-470C-A70A-390018E46E26}.Debug|x64.ActiveCfg = Debug|x64
		{27F93811-F24E-470C-A70A-390018E46E26}.Debug|x64.Build.0 = Debug|x64
		{27F93811-F24E-470C-A70A-390018E46E26}.Debug|x86.ActiveCfg = Debug|Win32
		{27F93811-F24E-470C-A70A-390018E46E26}.Debug|x86.Build.0 = Debug|Win32
		{27F93811-F24E-470C-A70A-390018E46E26}.Release|ARM.ActiveCfg = Release|ARM
		{27F93811-F24E-470C-A70A-390018E46E26}.Release|ARM.Build.0 = Release|ARM
		{27F93811-F24E-470C-A70A-390018E46E26}.Release|ARM64.ActiveCfg = Release|ARM64
		{27F93811-F24E-470C-A70A-390018E46E26}.Release|ARM64.Build.0 = Release|ARM64
		{27F93811-F24E-470C-A70A-390018E46E26}.Release|x64.ActiveCfg = Release|x64
		{27F93811-F24E-470C-A70A-390018E46E26}.Release|x64.Build.0 = Release|x64
		{27F93811-F24E-470C-A70A-390018E46E26}.Release|x86.ActiveCfg = Release|Win32
		{27F93811-F24E-470C-A70A-390018E46E26}.Release|x86.Build.0 = Release|Win32
		{2E6996EB-4BAF-468B-A647-8E4D37C0BA67}.Debug|ARM.ActiveCfg = Debug|ARM
		{2E6996EB-4BAF-468B-A647-8E4D37C0BA67}.Debug|ARM.Build.0 = Debug|ARM
		{2E6996EB-4BAF-468B-A647-8E4D37C0BA67}.Debug|ARM64.ActiveCfg = Debug|ARM64
		{2E6996EB-4BAF-468B-A647-8E4D37C0BA67}.Debug|ARM64.Build.0 = Debug|ARM64
		{2E6996EB-4BAF-468B-A647-8E4D37C0BA67}.Debug|x64.ActiveCfg = Debug|x64
		{2E6996EB-4BAF-468B-A647-8E4D37C0BA67}.Debug|x64.Build.0 = Debug|x64
		{2E6996EB-4BAF-468B-A647-8E4D37C0BA67}.Debug|x86.ActiveCfg = Debug|Win32
		{2E6996EB-4BAF-468B-A647-8E4D37C0BA67}.Debug|x86.Build.0 = Debug|Win32
		{2E6996EB-4BAF-468B-A647-8E4D37C0BA67}.Release|ARM.ActiveCfg = Release|ARM
		{2E6996EB-4BAF-468B-A647-8E4D37C0BA67}.Release|ARM.Build.0 = Release|ARM
		{2E6996EB-4BAF-468B-A647-8E4D37C0BA67}.Release|ARM64.ActiveCfg = Release|ARM64
		{2E6996EB-4BAF-468B-A647-8E4D37C0BA67}.Release|ARM64.Build.0 = Release|ARM64
		{2E6996EB-4BAF-468B-A647-8E4D37C0BA67}.Release|x64.ActiveCfg = Release|x64
		{2E6996EB-4BAF-468B-A647-8E4D37C0BA67}.Release|x64.Build.0 = Release|x64
		{2E6996EB-4BAF-468B-A647-8E4D37C0BA67}.Release|x86.ActiveCfg = Release|Win32
		{2E6996EB-4BAF-468B-A647-8E4D37C0BA67}.Release|x86.Build.0 = Release|Win32
	EndGlobalSection
	GlobalSection(SolutionProperties) = preSolution
		HideSolutionNode = FALSE
	EndGlobalSection
	GlobalSection(ExtensibilityGlobals) = postSolution
		SolutionGuid = {9B3A5829-A39D-4239-AE4B-013A9186ECA7}
	EndGlobalSection
EndGlobal
