<?xml version="1.0" encoding="utf-8"?>
<Project ToolsVersion="15.0" xmlns="http://schemas.microsoft.com/developer/msbuild/2003">
  <ItemGroup>
    <Filter Include="Header Files">
      <UniqueIdentifier>{89b6aecf-e2d4-4a44-84ef-2c7be366e054}</UniqueIdentifier>
    </Filter>
    <Filter Include="Source Files">
      <UniqueIdentifier>{fcd057a7-e20a-4fc8-8cc4-f62776f99ebd}</UniqueIdentifier>
    </Filter>
    <Filter Include="Libraries">
      <UniqueIdentifier>{ffda141b-26a2-4d37-9f0a-0bc0ea93d0a3}</UniqueIdentifier>
    </Filter>
    <Filter Include="Libraries\hl2da">
      <UniqueIdentifier>{872e97aa-1bbf-42df-b0ee-02098ed98447}</UniqueIdentifier>
    </Filter>
  </ItemGroup>
  <ItemGroup>
    <ClCompile Include="plugin.cpp">
      <Filter>Source Files</Filter>
    </ClCompile>
    <ClCompile Include="..\hl2da\converter.cpp">
      <Filter>Libraries\hl2da</Filter>
    </ClCompile>
    <ClCompile Include="..\hl2da\custom_audio_effect.cpp">
      <Filter>Libraries\hl2da</Filter>
    </ClCompile>
    <ClCompile Include="..\hl2da\custom_video_effect.cpp">
      <Filter>Libraries\hl2da</Filter>
    </ClCompile>
    <ClCompile Include="..\hl2da\extended_audio.cpp">
      <Filter>Libraries\hl2da</Filter>
    </ClCompile>
    <ClCompile Include="..\hl2da\extended_execution.cpp">
      <Filter>Libraries\hl2da</Filter>
    </ClCompile>
    <ClCompile Include="..\hl2da\extended_eye_tracking.cpp">
      <Filter>Libraries\hl2da</Filter>
    </ClCompile>
    <ClCompile Include="..\hl2da\extended_video.cpp">
      <Filter>Libraries\hl2da</Filter>
    </ClCompile>
    <ClCompile Include="..\hl2da\frame_buffer.cpp">
      <Filter>Libraries\hl2da</Filter>
    </ClCompile>
    <ClCompile Include="..\hl2da\ipl.cpp">
      <Filter>Libraries\hl2da</Filter>
    </ClCompile>
    <ClCompile Include="..\hl2da\locator.cpp">
      <Filter>Libraries\hl2da</Filter>
    </ClCompile>
    <ClCompile Include="..\hl2da\lock.cpp">
      <Filter>Libraries\hl2da</Filter>
    </ClCompile>
    <ClCompile Include="..\hl2da\log.cpp">
      <Filter>Libraries\hl2da</Filter>
    </ClCompile>
    <ClCompile Include="..\hl2da\main.cpp">
      <Filter>Libraries\hl2da</Filter>
    </ClCompile>
    <ClCompile Include="..\hl2da\microphone_capture.cpp">
      <Filter>Libraries\hl2da</Filter>
    </ClCompile>
    <ClCompile Include="..\hl2da\nfo.cpp">
      <Filter>Libraries\hl2da</Filter>
    </ClCompile>
    <ClCompile Include="..\hl2da\personal_video.cpp">
      <Filter>Libraries\hl2da</Filter>
    </ClCompile>
    <ClCompile Include="..\hl2da\research_mode.cpp">
      <Filter>Libraries\hl2da</Filter>
    </ClCompile>
    <ClCompile Include="..\hl2da\spatial_input.cpp">
      <Filter>Libraries\hl2da</Filter>
    </ClCompile>
    <ClCompile Include="..\hl2da\stream_ea.cpp">
      <Filter>Libraries\hl2da</Filter>
    </ClCompile>
    <ClCompile Include="..\hl2da\stream_ee.cpp">
      <Filter>Libraries\hl2da</Filter>
    </ClCompile>
    <ClCompile Include="..\hl2da\stream_ev.cpp">
      <Filter>Libraries\hl2da</Filter>
    </ClCompile>
    <ClCompile Include="..\hl2da\stream_mc.cpp">
      <Filter>Libraries\hl2da</Filter>
    </ClCompile>
    <ClCompile Include="..\hl2da\stream_pv.cpp">
      <Filter>Libraries\hl2da</Filter>
    </ClCompile>
    <ClCompile Include="..\hl2da\stream_rm.cpp">
      <Filter>Libraries\hl2da</Filter>
    </ClCompile>
    <ClCompile Include="..\hl2da\stream_si.cpp">
      <Filter>Libraries\hl2da</Filter>
    </ClCompile>
    <ClCompile Include="..\hl2da\timestamp.cpp">
      <Filter>Libraries\hl2da</Filter>
    </ClCompile>
  </ItemGroup>
  <ItemGroup>
    <ClInclude Include="hl2da.h">
      <Filter>Header Files</Filter>
    </ClInclude>
    <ClInclude Include="..\hl2da\converter.h">
      <Filter>Libraries\hl2da</Filter>
    </ClInclude>
    <ClInclude Include="..\hl2da\custom_audio_effect.h">
      <Filter>Libraries\hl2da</Filter>
    </ClInclude>
    <ClInclude Include="..\hl2da\custom_media_types.h">
      <Filter>Libraries\hl2da</Filter>
    </ClInclude>
    <ClInclude Include="..\hl2da\custom_video_effect.h">
      <Filter>Libraries\hl2da</Filter>
    </ClInclude>
    <ClInclude Include="..\hl2da\extended_audio.h">
      <Filter>Libraries\hl2da</Filter>
    </ClInclude>
    <ClInclude Include="..\hl2da\extended_execution.h">
      <Filter>Libraries\hl2da</Filter>
    </ClInclude>
    <ClInclude Include="..\hl2da\extended_eye_tracking.h">
      <Filter>Libraries\hl2da</Filter>
    </ClInclude>
    <ClInclude Include="..\hl2da\extended_video.h">
      <Filter>Libraries\hl2da</Filter>
    </ClInclude>
    <ClInclude Include="..\hl2da\frame_buffer.h">
      <Filter>Libraries\hl2da</Filter>
    </ClInclude>
    <ClInclude Include="..\hl2da\ipl.h">
      <Filter>Libraries\hl2da</Filter>
    </ClInclude>
    <ClInclude Include="..\hl2da\locator.h">
      <Filter>Libraries\hl2da</Filter>
    </ClInclude>
    <ClInclude Include="..\hl2da\lock.h">
      <Filter>Libraries\hl2da</Filter>
    </ClInclude>
    <ClInclude Include="..\hl2da\log.h">
      <Filter>Libraries\hl2da</Filter>
    </ClInclude>
    <ClInclude Include="..\hl2da\microphone_capture.h">
      <Filter>Libraries\hl2da</Filter>
    </ClInclude>
    <ClInclude Include="..\hl2da\nfo.h">
      <Filter>Libraries\hl2da</Filter>
    </ClInclude>
    <ClInclude Include="..\hl2da\personal_video.h">
      <Filter>Libraries\hl2da</Filter>
    </ClInclude>
    <ClInclude Include="..\hl2da\queue.h">
      <Filter>Libraries\hl2da</Filter>
    </ClInclude>
    <ClInclude Include="..\hl2da\research_mode.h">
      <Filter>Libraries\hl2da</Filter>
    </ClInclude>
    <ClInclude Include="..\hl2da\ring_buffer.h">
      <Filter>Libraries\hl2da</Filter>
    </ClInclude>
    <ClInclude Include="..\hl2da\server_ports.h">
      <Filter>Libraries\hl2da</Filter>
    </ClInclude>
    <ClInclude Include="..\hl2da\spatial_input.h">
      <Filter>Libraries\hl2da</Filter>
    </ClInclude>
    <ClInclude Include="..\hl2da\stream_ea.h">
      <Filter>Libraries\hl2da</Filter>
    </ClInclude>
    <ClInclude Include="..\hl2da\stream_ee.h">
      <Filter>Libraries\hl2da</Filter>
    </ClInclude>
    <ClInclude Include="..\hl2da\stream_ev.h">
      <Filter>Libraries\hl2da</Filter>
    </ClInclude>
    <ClInclude Include="..\hl2da\stream_mc.h">
      <Filter>Libraries\hl2da</Filter>
    </ClInclude>
    <ClInclude Include="..\hl2da\stream_pv.h">
      <Filter>Libraries\hl2da</Filter>
    </ClInclude>
    <ClInclude Include="..\hl2da\stream_rm.h">
      <Filter>Libraries\hl2da</Filter>
    </ClInclude>
    <ClInclude Include="..\hl2da\stream_si.h">
      <Filter>Libraries\hl2da</Filter>
    </ClInclude>
    <ClInclude Include="..\hl2da\timestamp.h">
      <Filter>Libraries\hl2da</Filter>
    </ClInclude>
    <ClInclude Include="..\hl2da\types.h">
      <Filter>Libraries\hl2da</Filter>
    </ClInclude>
  </ItemGroup>
</Project>