<?xml version="1.0" encoding="utf-8"?>
<Project ToolsVersion="15.0" xmlns="http://schemas.microsoft.com/developer/msbuild/2003">
  <ItemGroup>
    <Filter Include="Header Files">
      <UniqueIdentifier>{89b6aecf-e2d4-4a44-84ef-2c7be366e054}</UniqueIdentifier>
    </Filter>
    <Filter Include="Source Files">
      <UniqueIdentifier>{fcd057a7-e20a-4fc8-8cc4-f62776f99ebd}</UniqueIdentifier>
    </Filter>
    <Filter Include="Libraries">
      <UniqueIdentifier>{ffda141b-26a2-4d37-9f0a-0bc0ea93d0a3}</UniqueIdentifier>
    </Filter>
  </ItemGroup>
  <ItemGroup>
    <ClCompile Include="plugin.cpp">
      <Filter>Source Files</Filter>
    </ClCompile>
    <ClCompile Include="..\hl2da\locator.cpp">
      <Filter>Libraries</Filter>
    </ClCompile>
    <ClCompile Include="..\hl2da\lock.cpp">
      <Filter>Libraries</Filter>
    </ClCompile>
    <ClCompile Include="..\hl2da\log.cpp">
      <Filter>Libraries</Filter>
    </ClCompile>
    <ClCompile Include="..\hl2da\research_mode.cpp">
      <Filter>Libraries</Filter>
    </ClCompile>
    <ClCompile Include="..\hl2da\stream_rm.cpp">
      <Filter>Libraries</Filter>
    </ClCompile>
    <ClCompile Include="..\hl2da\timestamps.cpp">
      <Filter>Libraries</Filter>
    </ClCompile>
    <ClCompile Include="..\hl2da\custom_video_effect.cpp">
      <Filter>Libraries</Filter>
    </ClCompile>
    <ClCompile Include="..\hl2da\nfo.cpp">
      <Filter>Libraries</Filter>
    </ClCompile>
    <ClCompile Include="..\hl2da\personal_video.cpp">
      <Filter>Libraries</Filter>
    </ClCompile>
    <ClCompile Include="..\hl2da\stream_pv.cpp">
      <Filter>Libraries</Filter>
    </ClCompile>
    <ClCompile Include="..\hl2da\microphone_capture.cpp">
      <Filter>Libraries</Filter>
    </ClCompile>
    <ClCompile Include="..\hl2da\neon.cpp">
      <Filter>Libraries</Filter>
    </ClCompile>
    <ClCompile Include="..\hl2da\stream_mc.cpp">
      <Filter>Libraries</Filter>
    </ClCompile>
    <ClCompile Include="..\hl2da\spatial_input.cpp">
      <Filter>Libraries</Filter>
    </ClCompile>
    <ClCompile Include="..\hl2da\stream_si.cpp">
      <Filter>Libraries</Filter>
    </ClCompile>
    <ClCompile Include="..\hl2da\extended_eye_tracking.cpp">
      <Filter>Libraries</Filter>
    </ClCompile>
    <ClCompile Include="..\hl2da\stream_ee.cpp">
      <Filter>Libraries</Filter>
    </ClCompile>
  </ItemGroup>
  <ItemGroup>
    <ClInclude Include="hl2da.h">
      <Filter>Header Files</Filter>
    </ClInclude>
    <ClInclude Include="..\hl2da\locator.h">
      <Filter>Libraries</Filter>
    </ClInclude>
    <ClInclude Include="..\hl2da\lock.h">
      <Filter>Libraries</Filter>
    </ClInclude>
    <ClInclude Include="..\hl2da\log.h">
      <Filter>Libraries</Filter>
    </ClInclude>
    <ClInclude Include="..\hl2da\research_mode.h">
      <Filter>Libraries</Filter>
    </ClInclude>
    <ClInclude Include="..\hl2da\ring_buffer.h">
      <Filter>Libraries</Filter>
    </ClInclude>
    <ClInclude Include="..\hl2da\stream_rm.h">
      <Filter>Libraries</Filter>
    </ClInclude>
    <ClInclude Include="..\hl2da\timestamps.h">
      <Filter>Libraries</Filter>
    </ClInclude>
    <ClInclude Include="..\hl2da\types.h">
      <Filter>Libraries</Filter>
    </ClInclude>
    <ClInclude Include="..\hl2da\custom_video_effect.h">
      <Filter>Libraries</Filter>
    </ClInclude>
    <ClInclude Include="..\hl2da\nfo.h">
      <Filter>Libraries</Filter>
    </ClInclude>
    <ClInclude Include="..\hl2da\personal_video.h">
      <Filter>Libraries</Filter>
    </ClInclude>
    <ClInclude Include="..\hl2da\stream_pv.h">
      <Filter>Libraries</Filter>
    </ClInclude>
    <ClInclude Include="..\hl2da\microphone_capture.h">
      <Filter>Libraries</Filter>
    </ClInclude>
    <ClInclude Include="..\hl2da\neon.h">
      <Filter>Libraries</Filter>
    </ClInclude>
    <ClInclude Include="..\hl2da\stream_mc.h">
      <Filter>Libraries</Filter>
    </ClInclude>
    <ClInclude Include="..\hl2da\spatial_input.h">
      <Filter>Libraries</Filter>
    </ClInclude>
    <ClInclude Include="..\hl2da\stream_si.h">
      <Filter>Libraries</Filter>
    </ClInclude>
    <ClInclude Include="..\hl2da\extended_eye_tracking.h">
      <Filter>Libraries</Filter>
    </ClInclude>
    <ClInclude Include="..\hl2da\stream_ee.h">
      <Filter>Libraries</Filter>
    </ClInclude>
  </ItemGroup>
</Project>