<?xml version="1.0" encoding="utf-8"?>
<Project ToolsVersion="4.0" xmlns="http://schemas.microsoft.com/developer/msbuild/2003">
  <ItemGroup>
    <Image Include="Assets\Wide310x150Logo.scale-200.png">
      <Filter>Assets</Filter>
    </Image>
    <Image Include="Assets\StoreLogo.png">
      <Filter>Assets</Filter>
    </Image>
    <Image Include="Assets\Square150x150Logo.scale-200.png">
      <Filter>Assets</Filter>
    </Image>
    <Image Include="Assets\Square44x44Logo.targetsize-24_altform-unplated.png">
      <Filter>Assets</Filter>
    </Image>
    <Image Include="Assets\Square44x44Logo.scale-200.png">
      <Filter>Assets</Filter>
    </Image>
    <Image Include="Assets\SplashScreen.scale-200.png">
      <Filter>Assets</Filter>
    </Image>
    <Image Include="Assets\LockScreenLogo.scale-200.png">
      <Filter>Assets</Filter>
    </Image>
  </ItemGroup>
  <ItemGroup>
    <Filter Include="Assets">
      <UniqueIdentifier>{db9086fe-bacc-4437-8272-1aa6642082db}</UniqueIdentifier>
    </Filter>
    <Filter Include="Metadata">
      <UniqueIdentifier>{5fe2714a-01fc-42e9-b263-7e07efc3839f}</UniqueIdentifier>
    </Filter>
    <Filter Include="Header Files">
      <UniqueIdentifier>{6181f082-5bfd-4e9a-814b-c8c19131e73d}</UniqueIdentifier>
    </Filter>
    <Filter Include="Header Files\devices">
      <UniqueIdentifier>{8d16e048-8bb4-44e3-a70a-a6832ddd9f80}</UniqueIdentifier>
    </Filter>
    <Filter Include="Header Files\interfaces">
      <UniqueIdentifier>{57d25eeb-eb82-4f25-ba49-653105c7078c}</UniqueIdentifier>
    </Filter>
    <Filter Include="Header Files\utilities">
      <UniqueIdentifier>{0d75a3d0-a6f1-4f99-aba0-1908ea945d99}</UniqueIdentifier>
    </Filter>
    <Filter Include="Source Files">
      <UniqueIdentifier>{7c798291-1349-47f5-bc2c-92d301369bd6}</UniqueIdentifier>
    </Filter>
    <Filter Include="Source Files\devices">
      <UniqueIdentifier>{9e070c59-b1fc-47df-93a2-2d28e81ebf5a}</UniqueIdentifier>
    </Filter>
    <Filter Include="Source Files\interfaces">
      <UniqueIdentifier>{328f5706-26fd-4552-bf42-3c9c319bb524}</UniqueIdentifier>
    </Filter>
    <Filter Include="Source Files\utilities">
      <UniqueIdentifier>{a69cc2ff-51ea-44f3-9d2a-3dd49894fb6c}</UniqueIdentifier>
    </Filter>
    <Filter Include="Header Files\sink">
      <UniqueIdentifier>{ce623bec-f852-403e-bfbd-2491097dc9d3}</UniqueIdentifier>
    </Filter>
    <Filter Include="Source Files\sink">
      <UniqueIdentifier>{bc0c34be-b5d6-4019-9176-dddd7af36296}</UniqueIdentifier>
    </Filter>
  </ItemGroup>
  <ItemGroup>
    <None Include="packages.config">
      <Filter>Metadata</Filter>
    </None>
    <None Include="PropertySheet.props">
      <Filter>Metadata</Filter>
    </None>
  </ItemGroup>
  <ItemGroup>
    <ClCompile Include="main.cpp">
      <Filter>Source Files</Filter>
    </ClCompile>
    <ClCompile Include="research_mode.cpp">
      <Filter>Source Files\devices</Filter>
    </ClCompile>
    <ClCompile Include="stream_rm.cpp">
      <Filter>Source Files\interfaces</Filter>
    </ClCompile>
    <ClCompile Include="timestamps.cpp">
      <Filter>Source Files\utilities</Filter>
    </ClCompile>
    <ClCompile Include="locator.cpp">
      <Filter>Source Files\devices</Filter>
    </ClCompile>
    <ClCompile Include="lock.cpp">
      <Filter>Source Files\utilities</Filter>
    </ClCompile>
    <ClCompile Include="log.cpp">
      <Filter>Source Files\utilities</Filter>
    </ClCompile>
    <ClCompile Include="personal_video.cpp">
      <Filter>Source Files\devices</Filter>
    </ClCompile>
    <ClCompile Include="nfo.cpp">
      <Filter>Source Files\utilities</Filter>
    </ClCompile>
    <ClCompile Include="custom_video_effect.cpp">
      <Filter>Source Files\sink</Filter>
    </ClCompile>
    <ClCompile Include="stream_pv.cpp">
      <Filter>Source Files\interfaces</Filter>
    </ClCompile>
    <ClCompile Include="microphone_capture.cpp">
      <Filter>Source Files\devices</Filter>
    </ClCompile>
    <ClCompile Include="neon.cpp">
      <Filter>Source Files\utilities</Filter>
    </ClCompile>
    <ClCompile Include="stream_mc.cpp">
      <Filter>Source Files\interfaces</Filter>
    </ClCompile>
    <ClCompile Include="spatial_input.cpp">
      <Filter>Source Files\devices</Filter>
    </ClCompile>
    <ClCompile Include="stream_si.cpp">
      <Filter>Source Files\interfaces</Filter>
    </ClCompile>
    <ClCompile Include="extended_eye_tracking.cpp">
      <Filter>Source Files\devices</Filter>
    </ClCompile>
    <ClCompile Include="stream_ee.cpp">
      <Filter>Source Files\interfaces</Filter>
    </ClCompile>
    <ClCompile Include="frame_buffer.cpp">
      <Filter>Source Files\utilities</Filter>
    </ClCompile>
    <ClCompile Include="extended_audio.cpp">
      <Filter>Source Files\devices</Filter>
    </ClCompile>
    <ClCompile Include="custom_audio_effect.cpp">
      <Filter>Source Files\sink</Filter>
    </ClCompile>
    <ClCompile Include="stream_ea.cpp">
      <Filter>Source Files\interfaces</Filter>
    </ClCompile>
    <ClCompile Include="stream_ev.cpp">
      <Filter>Source Files\interfaces</Filter>
    </ClCompile>
    <ClCompile Include="extended_video.cpp">
      <Filter>Source Files\devices</Filter>
    </ClCompile>
    <ClCompile Include="converter.cpp">
      <Filter>Source Files\devices</Filter>
    </ClCompile>
    <ClCompile Include="extended_execution.cpp">
      <Filter>Source Files\devices</Filter>
    </ClCompile>
  </ItemGroup>
  <ItemGroup>
    <ClInclude Include="log.h">
      <Filter>Header Files\utilities</Filter>
    </ClInclude>
    <ClInclude Include="lock.h">
      <Filter>Header Files\utilities</Filter>
    </ClInclude>
    <ClInclude Include="timestamps.h">
      <Filter>Header Files\utilities</Filter>
    </ClInclude>
    <ClInclude Include="types.h">
      <Filter>Header Files\utilities</Filter>
    </ClInclude>
    <ClInclude Include="locator.h">
      <Filter>Header Files\devices</Filter>
    </ClInclude>
    <ClInclude Include="research_mode.h">
      <Filter>Header Files\devices</Filter>
    </ClInclude>
    <ClInclude Include="stream_rm.h">
      <Filter>Header Files\interfaces</Filter>
    </ClInclude>
    <ClInclude Include="ring_buffer.h">
      <Filter>Header Files\utilities</Filter>
    </ClInclude>
    <ClInclude Include="nfo.h">
      <Filter>Header Files\utilities</Filter>
    </ClInclude>
    <ClInclude Include="custom_video_effect.h">
      <Filter>Header Files\sink</Filter>
    </ClInclude>
    <ClInclude Include="personal_video.h">
      <Filter>Header Files\devices</Filter>
    </ClInclude>
    <ClInclude Include="stream_pv.h">
      <Filter>Header Files\interfaces</Filter>
    </ClInclude>
    <ClInclude Include="microphone_capture.h">
      <Filter>Header Files\devices</Filter>
    </ClInclude>
    <ClInclude Include="neon.h">
      <Filter>Header Files\utilities</Filter>
    </ClInclude>
    <ClInclude Include="stream_mc.h">
      <Filter>Header Files\interfaces</Filter>
    </ClInclude>
    <ClInclude Include="spatial_input.h">
      <Filter>Header Files\devices</Filter>
    </ClInclude>
    <ClInclude Include="stream_si.h">
      <Filter>Header Files\interfaces</Filter>
    </ClInclude>
    <ClInclude Include="extended_eye_tracking.h">
      <Filter>Header Files\devices</Filter>
    </ClInclude>
    <ClInclude Include="stream_ee.h">
      <Filter>Header Files\interfaces</Filter>
    </ClInclude>
    <ClInclude Include="frame_buffer.h">
      <Filter>Header Files\utilities</Filter>
    </ClInclude>
    <ClInclude Include="extended_audio.h">
      <Filter>Header Files\devices</Filter>
    </ClInclude>
    <ClInclude Include="custom_audio_effect.h">
      <Filter>Header Files\sink</Filter>
    </ClInclude>
    <ClInclude Include="stream_ea.h">
      <Filter>Header Files\interfaces</Filter>
    </ClInclude>
    <ClInclude Include="stream_ev.h">
      <Filter>Header Files\interfaces</Filter>
    </ClInclude>
    <ClInclude Include="extended_video.h">
      <Filter>Header Files\devices</Filter>
    </ClInclude>
    <ClInclude Include="converter.h">
      <Filter>Header Files\devices</Filter>
    </ClInclude>
    <ClInclude Include="extended_execution.h">
      <Filter>Header Files\devices</Filter>
    </ClInclude>
  </ItemGroup>
  <ItemGroup>
    <AppxManifest Include="Package.appxmanifest">
      <Filter>Metadata</Filter>
    </AppxManifest>
  </ItemGroup>
</Project>